// !$*UTF8*$!
{
	archiveVersion = 1;
	classes = {
	};
	objectVersion = 46;
	objects = {

/* Begin PBXBuildFile section */
		FA63755A1BEC4D3C003B239A /* CreditsScreen.swift in Sources */ = {isa = PBXBuildFile; fileRef = FA6375591BEC4D3C003B239A /* CreditsScreen.swift */; };
		FA6375601BEC4E28003B239A /* InstructionsScreen.swift in Sources */ = {isa = PBXBuildFile; fileRef = FA63755F1BEC4E28003B239A /* InstructionsScreen.swift */; };
		FA8BDBCF1C83D38600ACA673 /* OptionsScene.swift in Sources */ = {isa = PBXBuildFile; fileRef = FA8BDBCE1C83D38600ACA673 /* OptionsScene.swift */; };
		FA8BDBD11C83D39900ACA673 /* LeaderboardScene.swift in Sources */ = {isa = PBXBuildFile; fileRef = FA8BDBD01C83D39900ACA673 /* LeaderboardScene.swift */; };
		FA8BDBD71C90BBE300ACA673 /* newgame.png in Resources */ = {isa = PBXBuildFile; fileRef = FA8BDBD61C90BBE300ACA673 /* newgame.png */; };
		FA8BDBDB1C90D5EF00ACA673 /* buttons in Resources */ = {isa = PBXBuildFile; fileRef = FA8BDBDA1C90D5EF00ACA673 /* buttons */; };
		FAB540E91BC42889002F56C8 /* cattail.png in Resources */ = {isa = PBXBuildFile; fileRef = FAB540CF1BC42889002F56C8 /* cattail.png */; };
		FAB540EA1BC42889002F56C8 /* papyrus.png in Resources */ = {isa = PBXBuildFile; fileRef = FAB540D01BC42889002F56C8 /* papyrus.png */; };
		FAB540EB1BC42889002F56C8 /* acorn.png in Resources */ = {isa = PBXBuildFile; fileRef = FAB540D21BC42889002F56C8 /* acorn.png */; };
		FAB540EC1BC42889002F56C8 /* apple.png in Resources */ = {isa = PBXBuildFile; fileRef = FAB540D31BC42889002F56C8 /* apple.png */; };
		FAB540ED1BC42889002F56C8 /* appleslice.png in Resources */ = {isa = PBXBuildFile; fileRef = FAB540D41BC42889002F56C8 /* appleslice.png */; };
		FAB540EE1BC42889002F56C8 /* grapes.png in Resources */ = {isa = PBXBuildFile; fileRef = FAB540D51BC42889002F56C8 /* grapes.png */; };
		FAB540EF1BC42889002F56C8 /* lemon.png in Resources */ = {isa = PBXBuildFile; fileRef = FAB540D61BC42889002F56C8 /* lemon.png */; };
		FAB540F01BC42889002F56C8 /* onion.png in Resources */ = {isa = PBXBuildFile; fileRef = FAB540D71BC42889002F56C8 /* onion.png */; };
		FAB540F11BC42889002F56C8 /* orange.png in Resources */ = {isa = PBXBuildFile; fileRef = FAB540D81BC42889002F56C8 /* orange.png */; };
		FAB540F21BC42889002F56C8 /* orangeslice.png in Resources */ = {isa = PBXBuildFile; fileRef = FAB540D91BC42889002F56C8 /* orangeslice.png */; };
		FAB540F31BC42889002F56C8 /* peach.png in Resources */ = {isa = PBXBuildFile; fileRef = FAB540DA1BC42889002F56C8 /* peach.png */; };
		FAB540F41BC42889002F56C8 /* strawberry.png in Resources */ = {isa = PBXBuildFile; fileRef = FAB540DB1BC42889002F56C8 /* strawberry.png */; };
		FAB540F51BC42889002F56C8 /* tomato.png in Resources */ = {isa = PBXBuildFile; fileRef = FAB540DC1BC42889002F56C8 /* tomato.png */; };
		FAB540F61BC42889002F56C8 /* watermelon.png in Resources */ = {isa = PBXBuildFile; fileRef = FAB540DD1BC42889002F56C8 /* watermelon.png */; };
		FAB540F71BC42889002F56C8 /* yam.png in Resources */ = {isa = PBXBuildFile; fileRef = FAB540DE1BC42889002F56C8 /* yam.png */; };
		FAB540F81BC42889002F56C8 /* zucchini.png in Resources */ = {isa = PBXBuildFile; fileRef = FAB540DF1BC42889002F56C8 /* zucchini.png */; };
		FAB540F91BC42889002F56C8 /* gator0.png in Resources */ = {isa = PBXBuildFile; fileRef = FAB540E01BC42889002F56C8 /* gator0.png */; };
		FAB540FA1BC42889002F56C8 /* gator20.png in Resources */ = {isa = PBXBuildFile; fileRef = FAB540E11BC42889002F56C8 /* gator20.png */; };
		FAB540FB1BC42889002F56C8 /* gator45.png in Resources */ = {isa = PBXBuildFile; fileRef = FAB540E21BC42889002F56C8 /* gator45.png */; };
		FAB540FC1BC42889002F56C8 /* gator70.png in Resources */ = {isa = PBXBuildFile; fileRef = FAB540E31BC42889002F56C8 /* gator70.png */; };
		FAB540FD1BC42889002F56C8 /* gator90.png in Resources */ = {isa = PBXBuildFile; fileRef = FAB540E41BC42889002F56C8 /* gator90.png */; };
		FAB540FE1BC42889002F56C8 /* iPhoneAppIcon.png in Resources */ = {isa = PBXBuildFile; fileRef = FAB540E51BC42889002F56C8 /* iPhoneAppIcon.png */; };
		FAB540FF1BC42889002F56C8 /* mainbackground.png in Resources */ = {isa = PBXBuildFile; fileRef = FAB540E61BC42889002F56C8 /* mainbackground.png */; };
		FAB541001BC42889002F56C8 /* mainbackground_tail.png in Resources */ = {isa = PBXBuildFile; fileRef = FAB540E71BC42889002F56C8 /* mainbackground_tail.png */; };
		FAB541011BC42889002F56C8 /* playbackground.png in Resources */ = {isa = PBXBuildFile; fileRef = FAB540E81BC42889002F56C8 /* playbackground.png */; };
		FAB541071BC42B95002F56C8 /* Utilities.swift in Sources */ = {isa = PBXBuildFile; fileRef = FAB541061BC42B95002F56C8 /* Utilities.swift */; };
		FAB5DF931C97069D00B6BCB7 /* downArrow.png in Resources */ = {isa = PBXBuildFile; fileRef = FAB5DF921C97069D00B6BCB7 /* downArrow.png */; };
		FAB5DF951C9706A300B6BCB7 /* upArrow.png in Resources */ = {isa = PBXBuildFile; fileRef = FAB5DF941C9706A300B6BCB7 /* upArrow.png */; };
		FAB792321BC45F6E006C4A4D /* NewGameScreen.swift in Sources */ = {isa = PBXBuildFile; fileRef = FAB792311BC45F6E006C4A4D /* NewGameScreen.swift */; };
		FABEC8381BC4B869006E03EA /* Alligator.swift in Sources */ = {isa = PBXBuildFile; fileRef = FABEC8371BC4B869006E03EA /* Alligator.swift */; };
		FAC679051BAE88CC00793D20 /* AppDelegate.swift in Sources */ = {isa = PBXBuildFile; fileRef = FAC679041BAE88CC00793D20 /* AppDelegate.swift */; };
		FAC679091BAE88CC00793D20 /* GameScene.swift in Sources */ = {isa = PBXBuildFile; fileRef = FAC679081BAE88CC00793D20 /* GameScene.swift */; };
		FAC6790B1BAE88CC00793D20 /* GameViewController.swift in Sources */ = {isa = PBXBuildFile; fileRef = FAC6790A1BAE88CC00793D20 /* GameViewController.swift */; };
		FAC6790E1BAE88CC00793D20 /* Main.storyboard in Resources */ = {isa = PBXBuildFile; fileRef = FAC6790C1BAE88CC00793D20 /* Main.storyboard */; };
		FAC679101BAE88CC00793D20 /* Images.xcassets in Resources */ = {isa = PBXBuildFile; fileRef = FAC6790F1BAE88CC00793D20 /* Images.xcassets */; };
		FAC679131BAE88CC00793D20 /* LaunchScreen.xib in Resources */ = {isa = PBXBuildFile; fileRef = FAC679111BAE88CC00793D20 /* LaunchScreen.xib */; };
		FAC6791F1BAE88CC00793D20 /* AngleGatorsTests.swift in Sources */ = {isa = PBXBuildFile; fileRef = FAC6791E1BAE88CC00793D20 /* AngleGatorsTests.swift */; };
		FAC6792B1BAE896100793D20 /* GameOverScene.swift in Sources */ = {isa = PBXBuildFile; fileRef = FAC6792A1BAE896100793D20 /* GameOverScene.swift */; };
		FAF2CE091BBCD07800FE870C /* Fruit.swift in Sources */ = {isa = PBXBuildFile; fileRef = FAF2CE081BBCD07800FE870C /* Fruit.swift */; };
/* End PBXBuildFile section */

/* Begin PBXContainerItemProxy section */
		FAC679191BAE88CC00793D20 /* PBXContainerItemProxy */ = {
			isa = PBXContainerItemProxy;
			containerPortal = FAC678F71BAE88CC00793D20 /* Project object */;
			proxyType = 1;
			remoteGlobalIDString = FAC678FE1BAE88CC00793D20;
			remoteInfo = AngleGators;
		};
/* End PBXContainerItemProxy section */

/* Begin PBXFileReference section */
		FA6375591BEC4D3C003B239A /* CreditsScreen.swift */ = {isa = PBXFileReference; fileEncoding = 4; lastKnownFileType = sourcecode.swift; path = CreditsScreen.swift; sourceTree = "<group>"; };
		FA63755F1BEC4E28003B239A /* InstructionsScreen.swift */ = {isa = PBXFileReference; fileEncoding = 4; lastKnownFileType = sourcecode.swift; path = InstructionsScreen.swift; sourceTree = "<group>"; };
		FA8BDBCE1C83D38600ACA673 /* OptionsScene.swift */ = {isa = PBXFileReference; fileEncoding = 4; lastKnownFileType = sourcecode.swift; path = OptionsScene.swift; sourceTree = "<group>"; };
		FA8BDBD01C83D39900ACA673 /* LeaderboardScene.swift */ = {isa = PBXFileReference; fileEncoding = 4; lastKnownFileType = sourcecode.swift; name = LeaderboardScene.swift; path = ../LeaderboardScene.swift; sourceTree = "<group>"; };
		FA8BDBD61C90BBE300ACA673 /* newgame.png */ = {isa = PBXFileReference; lastKnownFileType = image.png; path = newgame.png; sourceTree = "<group>"; };
		FA8BDBDA1C90D5EF00ACA673 /* buttons */ = {isa = PBXFileReference; lastKnownFileType = folder; path = buttons; sourceTree = "<group>"; };
		FAB540CF1BC42889002F56C8 /* cattail.png */ = {isa = PBXFileReference; lastKnownFileType = image.png; path = cattail.png; sourceTree = "<group>"; };
		FAB540D01BC42889002F56C8 /* papyrus.png */ = {isa = PBXFileReference; lastKnownFileType = image.png; path = papyrus.png; sourceTree = "<group>"; };
		FAB540D21BC42889002F56C8 /* acorn.png */ = {isa = PBXFileReference; lastKnownFileType = image.png; path = acorn.png; sourceTree = "<group>"; };
		FAB540D31BC42889002F56C8 /* apple.png */ = {isa = PBXFileReference; lastKnownFileType = image.png; path = apple.png; sourceTree = "<group>"; };
		FAB540D41BC42889002F56C8 /* appleslice.png */ = {isa = PBXFileReference; lastKnownFileType = image.png; path = appleslice.png; sourceTree = "<group>"; };
		FAB540D51BC42889002F56C8 /* grapes.png */ = {isa = PBXFileReference; lastKnownFileType = image.png; path = grapes.png; sourceTree = "<group>"; };
		FAB540D61BC42889002F56C8 /* lemon.png */ = {isa = PBXFileReference; lastKnownFileType = image.png; path = lemon.png; sourceTree = "<group>"; };
		FAB540D71BC42889002F56C8 /* onion.png */ = {isa = PBXFileReference; lastKnownFileType = image.png; path = onion.png; sourceTree = "<group>"; };
		FAB540D81BC42889002F56C8 /* orange.png */ = {isa = PBXFileReference; lastKnownFileType = image.png; path = orange.png; sourceTree = "<group>"; };
		FAB540D91BC42889002F56C8 /* orangeslice.png */ = {isa = PBXFileReference; lastKnownFileType = image.png; path = orangeslice.png; sourceTree = "<group>"; };
		FAB540DA1BC42889002F56C8 /* peach.png */ = {isa = PBXFileReference; lastKnownFileType = image.png; path = peach.png; sourceTree = "<group>"; };
		FAB540DB1BC42889002F56C8 /* strawberry.png */ = {isa = PBXFileReference; lastKnownFileType = image.png; path = strawberry.png; sourceTree = "<group>"; };
		FAB540DC1BC42889002F56C8 /* tomato.png */ = {isa = PBXFileReference; lastKnownFileType = image.png; path = tomato.png; sourceTree = "<group>"; };
		FAB540DD1BC42889002F56C8 /* watermelon.png */ = {isa = PBXFileReference; lastKnownFileType = image.png; path = watermelon.png; sourceTree = "<group>"; };
		FAB540DE1BC42889002F56C8 /* yam.png */ = {isa = PBXFileReference; lastKnownFileType = image.png; path = yam.png; sourceTree = "<group>"; };
		FAB540DF1BC42889002F56C8 /* zucchini.png */ = {isa = PBXFileReference; lastKnownFileType = image.png; path = zucchini.png; sourceTree = "<group>"; };
		FAB540E01BC42889002F56C8 /* gator0.png */ = {isa = PBXFileReference; lastKnownFileType = image.png; path = gator0.png; sourceTree = "<group>"; };
		FAB540E11BC42889002F56C8 /* gator20.png */ = {isa = PBXFileReference; lastKnownFileType = image.png; path = gator20.png; sourceTree = "<group>"; };
		FAB540E21BC42889002F56C8 /* gator45.png */ = {isa = PBXFileReference; lastKnownFileType = image.png; path = gator45.png; sourceTree = "<group>"; };
		FAB540E31BC42889002F56C8 /* gator70.png */ = {isa = PBXFileReference; lastKnownFileType = image.png; path = gator70.png; sourceTree = "<group>"; };
		FAB540E41BC42889002F56C8 /* gator90.png */ = {isa = PBXFileReference; lastKnownFileType = image.png; path = gator90.png; sourceTree = "<group>"; };
		FAB540E51BC42889002F56C8 /* iPhoneAppIcon.png */ = {isa = PBXFileReference; lastKnownFileType = image.png; path = iPhoneAppIcon.png; sourceTree = "<group>"; };
		FAB540E61BC42889002F56C8 /* mainbackground.png */ = {isa = PBXFileReference; lastKnownFileType = image.png; path = mainbackground.png; sourceTree = "<group>"; };
		FAB540E71BC42889002F56C8 /* mainbackground_tail.png */ = {isa = PBXFileReference; lastKnownFileType = image.png; path = mainbackground_tail.png; sourceTree = "<group>"; };
		FAB540E81BC42889002F56C8 /* playbackground.png */ = {isa = PBXFileReference; lastKnownFileType = image.png; path = playbackground.png; sourceTree = "<group>"; };
		FAB541061BC42B95002F56C8 /* Utilities.swift */ = {isa = PBXFileReference; fileEncoding = 4; lastKnownFileType = sourcecode.swift; path = Utilities.swift; sourceTree = "<group>"; };
		FAB5DF921C97069D00B6BCB7 /* downArrow.png */ = {isa = PBXFileReference; lastKnownFileType = image.png; path = downArrow.png; sourceTree = "<group>"; };
		FAB5DF941C9706A300B6BCB7 /* upArrow.png */ = {isa = PBXFileReference; lastKnownFileType = image.png; path = upArrow.png; sourceTree = "<group>"; };
		FAB792311BC45F6E006C4A4D /* NewGameScreen.swift */ = {isa = PBXFileReference; fileEncoding = 4; lastKnownFileType = sourcecode.swift; name = NewGameScreen.swift; path = ../NewGameScreen.swift; sourceTree = "<group>"; };
		FABEC8371BC4B869006E03EA /* Alligator.swift */ = {isa = PBXFileReference; fileEncoding = 4; lastKnownFileType = sourcecode.swift; path = Alligator.swift; sourceTree = "<group>"; };
		FAC678FF1BAE88CC00793D20 /* AngleGators.app */ = {isa = PBXFileReference; explicitFileType = wrapper.application; includeInIndex = 0; path = AngleGators.app; sourceTree = BUILT_PRODUCTS_DIR; };
		FAC679031BAE88CC00793D20 /* Info.plist */ = {isa = PBXFileReference; lastKnownFileType = text.plist.xml; path = Info.plist; sourceTree = "<group>"; };
		FAC679041BAE88CC00793D20 /* AppDelegate.swift */ = {isa = PBXFileReference; lastKnownFileType = sourcecode.swift; path = AppDelegate.swift; sourceTree = "<group>"; };
		FAC679081BAE88CC00793D20 /* GameScene.swift */ = {isa = PBXFileReference; lastKnownFileType = sourcecode.swift; path = GameScene.swift; sourceTree = "<group>"; };
		FAC6790A1BAE88CC00793D20 /* GameViewController.swift */ = {isa = PBXFileReference; lastKnownFileType = sourcecode.swift; path = GameViewController.swift; sourceTree = "<group>"; };
		FAC6790D1BAE88CC00793D20 /* Base */ = {isa = PBXFileReference; lastKnownFileType = file.storyboard; name = Base; path = Base.lproj/Main.storyboard; sourceTree = "<group>"; };
		FAC6790F1BAE88CC00793D20 /* Images.xcassets */ = {isa = PBXFileReference; lastKnownFileType = folder.assetcatalog; path = Images.xcassets; sourceTree = "<group>"; };
		FAC679121BAE88CC00793D20 /* Base */ = {isa = PBXFileReference; lastKnownFileType = file.xib; name = Base; path = Base.lproj/LaunchScreen.xib; sourceTree = "<group>"; };
		FAC679181BAE88CC00793D20 /* AngleGatorsTests.xctest */ = {isa = PBXFileReference; explicitFileType = wrapper.cfbundle; includeInIndex = 0; path = AngleGatorsTests.xctest; sourceTree = BUILT_PRODUCTS_DIR; };
		FAC6791D1BAE88CC00793D20 /* Info.plist */ = {isa = PBXFileReference; lastKnownFileType = text.plist.xml; path = Info.plist; sourceTree = "<group>"; };
		FAC6791E1BAE88CC00793D20 /* AngleGatorsTests.swift */ = {isa = PBXFileReference; lastKnownFileType = sourcecode.swift; path = AngleGatorsTests.swift; sourceTree = "<group>"; };
		FAC6792A1BAE896100793D20 /* GameOverScene.swift */ = {isa = PBXFileReference; fileEncoding = 4; lastKnownFileType = sourcecode.swift; path = GameOverScene.swift; sourceTree = "<group>"; };
		FAF2CE081BBCD07800FE870C /* Fruit.swift */ = {isa = PBXFileReference; fileEncoding = 4; lastKnownFileType = sourcecode.swift; path = Fruit.swift; sourceTree = "<group>"; };
/* End PBXFileReference section */

/* Begin PBXFrameworksBuildPhase section */
		FAC678FC1BAE88CC00793D20 /* Frameworks */ = {
			isa = PBXFrameworksBuildPhase;
			buildActionMask = 2147483647;
			files = (
			);
			runOnlyForDeploymentPostprocessing = 0;
		};
		FAC679151BAE88CC00793D20 /* Frameworks */ = {
			isa = PBXFrameworksBuildPhase;
			buildActionMask = 2147483647;
			files = (
			);
			runOnlyForDeploymentPostprocessing = 0;
		};
/* End PBXFrameworksBuildPhase section */

/* Begin PBXGroup section */
		FAB540CD1BC42889002F56C8 /* Assets */ = {
			isa = PBXGroup;
			children = (
				FAB5DF941C9706A300B6BCB7 /* upArrow.png */,
				FAB5DF921C97069D00B6BCB7 /* downArrow.png */,
				FA8BDBDA1C90D5EF00ACA673 /* buttons */,
				FAB540CE1BC42889002F56C8 /* environment */,
				FAB540D11BC42889002F56C8 /* foods */,
				FAB540E01BC42889002F56C8 /* gator0.png */,
				FAB540E11BC42889002F56C8 /* gator20.png */,
				FAB540E21BC42889002F56C8 /* gator45.png */,
				FAB540E31BC42889002F56C8 /* gator70.png */,
				FAB540E41BC42889002F56C8 /* gator90.png */,
				FAB540E51BC42889002F56C8 /* iPhoneAppIcon.png */,
				FAB540E61BC42889002F56C8 /* mainbackground.png */,
				FAB540E71BC42889002F56C8 /* mainbackground_tail.png */,
				FAB540E81BC42889002F56C8 /* playbackground.png */,
			);
			path = Assets;
			sourceTree = "<group>";
		};
		FAB540CE1BC42889002F56C8 /* environment */ = {
			isa = PBXGroup;
			children = (
				FAB540CF1BC42889002F56C8 /* cattail.png */,
				FAB540D01BC42889002F56C8 /* papyrus.png */,
			);
			path = environment;
			sourceTree = "<group>";
		};
		FAB540D11BC42889002F56C8 /* foods */ = {
			isa = PBXGroup;
			children = (
				FA8BDBD61C90BBE300ACA673 /* newgame.png */,
				FAB540D21BC42889002F56C8 /* acorn.png */,
				FAB540D31BC42889002F56C8 /* apple.png */,
				FAB540D41BC42889002F56C8 /* appleslice.png */,
				FAB540D51BC42889002F56C8 /* grapes.png */,
				FAB540D61BC42889002F56C8 /* lemon.png */,
				FAB540D71BC42889002F56C8 /* onion.png */,
				FAB540D81BC42889002F56C8 /* orange.png */,
				FAB540D91BC42889002F56C8 /* orangeslice.png */,
				FAB540DA1BC42889002F56C8 /* peach.png */,
				FAB540DB1BC42889002F56C8 /* strawberry.png */,
				FAB540DC1BC42889002F56C8 /* tomato.png */,
				FAB540DD1BC42889002F56C8 /* watermelon.png */,
				FAB540DE1BC42889002F56C8 /* yam.png */,
				FAB540DF1BC42889002F56C8 /* zucchini.png */,
			);
			path = foods;
			sourceTree = "<group>";
		};
		FAC678F61BAE88CC00793D20 = {
			isa = PBXGroup;
			children = (
				FAC679011BAE88CC00793D20 /* AngleGators */,
				FAC6791B1BAE88CC00793D20 /* AngleGatorsTests */,
				FAC679001BAE88CC00793D20 /* Products */,
			);
			sourceTree = "<group>";
		};
		FAC679001BAE88CC00793D20 /* Products */ = {
			isa = PBXGroup;
			children = (
				FAC678FF1BAE88CC00793D20 /* AngleGators.app */,
				FAC679181BAE88CC00793D20 /* AngleGatorsTests.xctest */,
			);
			name = Products;
			sourceTree = "<group>";
		};
		FAC679011BAE88CC00793D20 /* AngleGators */ = {
			isa = PBXGroup;
			children = (
				FA8BDBD01C83D39900ACA673 /* LeaderboardScene.swift */,
				FAB540CD1BC42889002F56C8 /* Assets */,
				FAC679041BAE88CC00793D20 /* AppDelegate.swift */,
				FAB792311BC45F6E006C4A4D /* NewGameScreen.swift */,
				FA63755F1BEC4E28003B239A /* InstructionsScreen.swift */,
				FA6375591BEC4D3C003B239A /* CreditsScreen.swift */,
				FAC679081BAE88CC00793D20 /* GameScene.swift */,
				FABEC8371BC4B869006E03EA /* Alligator.swift */,
				FAF2CE081BBCD07800FE870C /* Fruit.swift */,
				FAB541061BC42B95002F56C8 /* Utilities.swift */,
				FAC6790A1BAE88CC00793D20 /* GameViewController.swift */,
				FAC6792A1BAE896100793D20 /* GameOverScene.swift */,
				FAC6790C1BAE88CC00793D20 /* Main.storyboard */,
				FAC6790F1BAE88CC00793D20 /* Images.xcassets */,
				FAC679111BAE88CC00793D20 /* LaunchScreen.xib */,
				FAC679021BAE88CC00793D20 /* Supporting Files */,
				FA8BDBCE1C83D38600ACA673 /* OptionsScene.swift */,
			);
			path = AngleGators;
			sourceTree = "<group>";
		};
		FAC679021BAE88CC00793D20 /* Supporting Files */ = {
			isa = PBXGroup;
			children = (
				FAC679031BAE88CC00793D20 /* Info.plist */,
			);
			name = "Supporting Files";
			sourceTree = "<group>";
		};
		FAC6791B1BAE88CC00793D20 /* AngleGatorsTests */ = {
			isa = PBXGroup;
			children = (
				FAC6791E1BAE88CC00793D20 /* AngleGatorsTests.swift */,
				FAC6791C1BAE88CC00793D20 /* Supporting Files */,
			);
			path = AngleGatorsTests;
			sourceTree = "<group>";
		};
		FAC6791C1BAE88CC00793D20 /* Supporting Files */ = {
			isa = PBXGroup;
			children = (
				FAC6791D1BAE88CC00793D20 /* Info.plist */,
			);
			name = "Supporting Files";
			sourceTree = "<group>";
		};
/* End PBXGroup section */

/* Begin PBXNativeTarget section */
		FAC678FE1BAE88CC00793D20 /* AngleGators */ = {
			isa = PBXNativeTarget;
			buildConfigurationList = FAC679221BAE88CC00793D20 /* Build configuration list for PBXNativeTarget "AngleGators" */;
			buildPhases = (
				FAC678FB1BAE88CC00793D20 /* Sources */,
				FAC678FC1BAE88CC00793D20 /* Frameworks */,
				FAC678FD1BAE88CC00793D20 /* Resources */,
			);
			buildRules = (
			);
			dependencies = (
			);
			name = AngleGators;
			productName = AngleGators;
			productReference = FAC678FF1BAE88CC00793D20 /* AngleGators.app */;
			productType = "com.apple.product-type.application";
		};
		FAC679171BAE88CC00793D20 /* AngleGatorsTests */ = {
			isa = PBXNativeTarget;
			buildConfigurationList = FAC679251BAE88CC00793D20 /* Build configuration list for PBXNativeTarget "AngleGatorsTests" */;
			buildPhases = (
				FAC679141BAE88CC00793D20 /* Sources */,
				FAC679151BAE88CC00793D20 /* Frameworks */,
				FAC679161BAE88CC00793D20 /* Resources */,
			);
			buildRules = (
			);
			dependencies = (
				FAC6791A1BAE88CC00793D20 /* PBXTargetDependency */,
			);
			name = AngleGatorsTests;
			productName = AngleGatorsTests;
			productReference = FAC679181BAE88CC00793D20 /* AngleGatorsTests.xctest */;
			productType = "com.apple.product-type.bundle.unit-test";
		};
/* End PBXNativeTarget section */

/* Begin PBXProject section */
		FAC678F71BAE88CC00793D20 /* Project object */ = {
			isa = PBXProject;
			attributes = {
				LastSwiftMigration = 0700;
				LastSwiftUpdateCheck = 0700;
				LastUpgradeCheck = 0700;
				ORGANIZATIONNAME = "Alexandria Mack";
				TargetAttributes = {
					FAC678FE1BAE88CC00793D20 = {
						CreatedOnToolsVersion = 6.4;
						DevelopmentTeam = QCU6Y36U88;
					};
					FAC679171BAE88CC00793D20 = {
						CreatedOnToolsVersion = 6.4;
						TestTargetID = FAC678FE1BAE88CC00793D20;
					};
				};
			};
			buildConfigurationList = FAC678FA1BAE88CC00793D20 /* Build configuration list for PBXProject "AngleGators" */;
			compatibilityVersion = "Xcode 3.2";
			developmentRegion = English;
			hasScannedForEncodings = 0;
			knownRegions = (
				en,
				Base,
			);
			mainGroup = FAC678F61BAE88CC00793D20;
			productRefGroup = FAC679001BAE88CC00793D20 /* Products */;
			projectDirPath = "";
			projectRoot = "";
			targets = (
				FAC678FE1BAE88CC00793D20 /* AngleGators */,
				FAC679171BAE88CC00793D20 /* AngleGatorsTests */,
			);
		};
/* End PBXProject section */

/* Begin PBXResourcesBuildPhase section */
		FAC678FD1BAE88CC00793D20 /* Resources */ = {
			isa = PBXResourcesBuildPhase;
			buildActionMask = 2147483647;
			files = (
				FAB540F21BC42889002F56C8 /* orangeslice.png in Resources */,
				FAB540EA1BC42889002F56C8 /* papyrus.png in Resources */,
				FAB5DF931C97069D00B6BCB7 /* downArrow.png in Resources */,
				FAB540FB1BC42889002F56C8 /* gator45.png in Resources */,
				FAC679131BAE88CC00793D20 /* LaunchScreen.xib in Resources */,
				FAB540FA1BC42889002F56C8 /* gator20.png in Resources */,
				FAB540F11BC42889002F56C8 /* orange.png in Resources */,
				FA8BDBDB1C90D5EF00ACA673 /* buttons in Resources */,
				FAB540E91BC42889002F56C8 /* cattail.png in Resources */,
				FAC679101BAE88CC00793D20 /* Images.xcassets in Resources */,
				FAB541001BC42889002F56C8 /* mainbackground_tail.png in Resources */,
				FAB540F41BC42889002F56C8 /* strawberry.png in Resources */,
				FAB540ED1BC42889002F56C8 /* appleslice.png in Resources */,
				FAB540FC1BC42889002F56C8 /* gator70.png in Resources */,
				FAB5DF951C9706A300B6BCB7 /* upArrow.png in Resources */,
				FAB540EE1BC42889002F56C8 /* grapes.png in Resources */,
				FAB540FF1BC42889002F56C8 /* mainbackground.png in Resources */,
				FAB540F71BC42889002F56C8 /* yam.png in Resources */,
				FAB540EB1BC42889002F56C8 /* acorn.png in Resources */,
				FAB540F01BC42889002F56C8 /* onion.png in Resources */,
				FAB540F81BC42889002F56C8 /* zucchini.png in Resources */,
				FAB540F51BC42889002F56C8 /* tomato.png in Resources */,
				FAB540F61BC42889002F56C8 /* watermelon.png in Resources */,
				FA8BDBD71C90BBE300ACA673 /* newgame.png in Resources */,
				FAB540FE1BC42889002F56C8 /* iPhoneAppIcon.png in Resources */,
				FAB540F91BC42889002F56C8 /* gator0.png in Resources */,
				FAB541011BC42889002F56C8 /* playbackground.png in Resources */,
				FAB540F31BC42889002F56C8 /* peach.png in Resources */,
				FAB540EC1BC42889002F56C8 /* apple.png in Resources */,
				FAC6790E1BAE88CC00793D20 /* Main.storyboard in Resources */,
				FAB540EF1BC42889002F56C8 /* lemon.png in Resources */,
				FAB540FD1BC42889002F56C8 /* gator90.png in Resources */,
			);
			runOnlyForDeploymentPostprocessing = 0;
		};
		FAC679161BAE88CC00793D20 /* Resources */ = {
			isa = PBXResourcesBuildPhase;
			buildActionMask = 2147483647;
			files = (
			);
			runOnlyForDeploymentPostprocessing = 0;
		};
/* End PBXResourcesBuildPhase section */

/* Begin PBXSourcesBuildPhase section */
		FAC678FB1BAE88CC00793D20 /* Sources */ = {
			isa = PBXSourcesBuildPhase;
			buildActionMask = 2147483647;
			files = (
				FA8BDBD11C83D39900ACA673 /* LeaderboardScene.swift in Sources */,
				FAB541071BC42B95002F56C8 /* Utilities.swift in Sources */,
				FABEC8381BC4B869006E03EA /* Alligator.swift in Sources */,
				FA63755A1BEC4D3C003B239A /* CreditsScreen.swift in Sources */,
				FAF2CE091BBCD07800FE870C /* Fruit.swift in Sources */,
				FA6375601BEC4E28003B239A /* InstructionsScreen.swift in Sources */,
				FAC679091BAE88CC00793D20 /* GameScene.swift in Sources */,
				FAB792321BC45F6E006C4A4D /* NewGameScreen.swift in Sources */,
				FAC6790B1BAE88CC00793D20 /* GameViewController.swift in Sources */,
				FAC6792B1BAE896100793D20 /* GameOverScene.swift in Sources */,
				FAC679051BAE88CC00793D20 /* AppDelegate.swift in Sources */,
				FA8BDBCF1C83D38600ACA673 /* OptionsScene.swift in Sources */,
			);
			runOnlyForDeploymentPostprocessing = 0;
		};
		FAC679141BAE88CC00793D20 /* Sources */ = {
			isa = PBXSourcesBuildPhase;
			buildActionMask = 2147483647;
			files = (
				FAC6791F1BAE88CC00793D20 /* AngleGatorsTests.swift in Sources */,
			);
			runOnlyForDeploymentPostprocessing = 0;
		};
/* End PBXSourcesBuildPhase section */

/* Begin PBXTargetDependency section */
		FAC6791A1BAE88CC00793D20 /* PBXTargetDependency */ = {
			isa = PBXTargetDependency;
			target = FAC678FE1BAE88CC00793D20 /* AngleGators */;
			targetProxy = FAC679191BAE88CC00793D20 /* PBXContainerItemProxy */;
		};
/* End PBXTargetDependency section */

/* Begin PBXVariantGroup section */
		FAC6790C1BAE88CC00793D20 /* Main.storyboard */ = {
			isa = PBXVariantGroup;
			children = (
				FAC6790D1BAE88CC00793D20 /* Base */,
			);
			name = Main.storyboard;
			sourceTree = "<group>";
		};
		FAC679111BAE88CC00793D20 /* LaunchScreen.xib */ = {
			isa = PBXVariantGroup;
			children = (
				FAC679121BAE88CC00793D20 /* Base */,
			);
			name = LaunchScreen.xib;
			sourceTree = "<group>";
		};
/* End PBXVariantGroup section */

/* Begin XCBuildConfiguration section */
		FAC679201BAE88CC00793D20 /* Debug */ = {
			isa = XCBuildConfiguration;
			buildSettings = {
				ALWAYS_SEARCH_USER_PATHS = NO;
				CLANG_CXX_LANGUAGE_STANDARD = "gnu++0x";
				CLANG_CXX_LIBRARY = "libc++";
				CLANG_ENABLE_MODULES = YES;
				CLANG_ENABLE_OBJC_ARC = YES;
				CLANG_WARN_BOOL_CONVERSION = YES;
				CLANG_WARN_CONSTANT_CONVERSION = YES;
				CLANG_WARN_DIRECT_OBJC_ISA_USAGE = YES_ERROR;
				CLANG_WARN_EMPTY_BODY = YES;
				CLANG_WARN_ENUM_CONVERSION = YES;
				CLANG_WARN_INT_CONVERSION = YES;
				CLANG_WARN_OBJC_ROOT_CLASS = YES_ERROR;
				CLANG_WARN_UNREACHABLE_CODE = YES;
				CLANG_WARN__DUPLICATE_METHOD_MATCH = YES;
				"CODE_SIGN_IDENTITY[sdk=iphoneos*]" = "iPhone Developer";
				COPY_PHASE_STRIP = NO;
				DEBUG_INFORMATION_FORMAT = "dwarf-with-dsym";
				ENABLE_STRICT_OBJC_MSGSEND = YES;
				ENABLE_TESTABILITY = YES;
				GCC_C_LANGUAGE_STANDARD = gnu99;
				GCC_DYNAMIC_NO_PIC = NO;
				GCC_NO_COMMON_BLOCKS = YES;
				GCC_OPTIMIZATION_LEVEL = 0;
				GCC_PREPROCESSOR_DEFINITIONS = (
					"DEBUG=1",
					"$(inherited)",
				);
				GCC_SYMBOLS_PRIVATE_EXTERN = NO;
				GCC_WARN_64_TO_32_BIT_CONVERSION = YES;
				GCC_WARN_ABOUT_RETURN_TYPE = YES_ERROR;
				GCC_WARN_UNDECLARED_SELECTOR = YES;
				GCC_WARN_UNINITIALIZED_AUTOS = YES_AGGRESSIVE;
				GCC_WARN_UNUSED_FUNCTION = YES;
				GCC_WARN_UNUSED_VARIABLE = YES;
				IPHONEOS_DEPLOYMENT_TARGET = 8.4;
				MTL_ENABLE_DEBUG_INFO = YES;
				ONLY_ACTIVE_ARCH = YES;
				SDKROOT = iphoneos;
				SWIFT_OPTIMIZATION_LEVEL = "-Onone";
				TARGETED_DEVICE_FAMILY = "1,2";
			};
			name = Debug;
		};
		FAC679211BAE88CC00793D20 /* Release */ = {
			isa = XCBuildConfiguration;
			buildSettings = {
				ALWAYS_SEARCH_USER_PATHS = NO;
				CLANG_CXX_LANGUAGE_STANDARD = "gnu++0x";
				CLANG_CXX_LIBRARY = "libc++";
				CLANG_ENABLE_MODULES = YES;
				CLANG_ENABLE_OBJC_ARC = YES;
				CLANG_WARN_BOOL_CONVERSION = YES;
				CLANG_WARN_CONSTANT_CONVERSION = YES;
				CLANG_WARN_DIRECT_OBJC_ISA_USAGE = YES_ERROR;
				CLANG_WARN_EMPTY_BODY = YES;
				CLANG_WARN_ENUM_CONVERSION = YES;
				CLANG_WARN_INT_CONVERSION = YES;
				CLANG_WARN_OBJC_ROOT_CLASS = YES_ERROR;
				CLANG_WARN_UNREACHABLE_CODE = YES;
				CLANG_WARN__DUPLICATE_METHOD_MATCH = YES;
				"CODE_SIGN_IDENTITY[sdk=iphoneos*]" = "iPhone Developer";
				COPY_PHASE_STRIP = NO;
				DEBUG_INFORMATION_FORMAT = "dwarf-with-dsym";
				ENABLE_NS_ASSERTIONS = NO;
				ENABLE_STRICT_OBJC_MSGSEND = YES;
				GCC_C_LANGUAGE_STANDARD = gnu99;
				GCC_NO_COMMON_BLOCKS = YES;
				GCC_WARN_64_TO_32_BIT_CONVERSION = YES;
				GCC_WARN_ABOUT_RETURN_TYPE = YES_ERROR;
				GCC_WARN_UNDECLARED_SELECTOR = YES;
				GCC_WARN_UNINITIALIZED_AUTOS = YES_AGGRESSIVE;
				GCC_WARN_UNUSED_FUNCTION = YES;
				GCC_WARN_UNUSED_VARIABLE = YES;
				IPHONEOS_DEPLOYMENT_TARGET = 8.4;
				MTL_ENABLE_DEBUG_INFO = NO;
				SDKROOT = iphoneos;
				TARGETED_DEVICE_FAMILY = "1,2";
				VALIDATE_PRODUCT = YES;
			};
			name = Release;
		};
		FAC679231BAE88CC00793D20 /* Debug */ = {
			isa = XCBuildConfiguration;
			buildSettings = {
				ASSETCATALOG_COMPILER_APPICON_NAME = AppIcon;
				CODE_SIGN_IDENTITY = "iPhone Developer";
				"CODE_SIGN_IDENTITY[sdk=iphoneos*]" = "iPhone Developer";
				INFOPLIST_FILE = AngleGators/Info.plist;
				LD_RUNPATH_SEARCH_PATHS = "$(inherited) @executable_path/Frameworks";
				PRODUCT_BUNDLE_IDENTIFIER = "com.example.$(PRODUCT_NAME:rfc1034identifier)";
				PRODUCT_NAME = "$(TARGET_NAME)";
				PROVISIONING_PROFILE = "";
				TARGETED_DEVICE_FAMILY = "1,2";
			};
			name = Debug;
		};
		FAC679241BAE88CC00793D20 /* Release */ = {
			isa = XCBuildConfiguration;
			buildSettings = {
				ASSETCATALOG_COMPILER_APPICON_NAME = AppIcon;
				CODE_SIGN_IDENTITY = "iPhone Developer";
				"CODE_SIGN_IDENTITY[sdk=iphoneos*]" = "iPhone Developer";
				INFOPLIST_FILE = AngleGators/Info.plist;
				LD_RUNPATH_SEARCH_PATHS = "$(inherited) @executable_path/Frameworks";
				PRODUCT_BUNDLE_IDENTIFIER = "com.example.$(PRODUCT_NAME:rfc1034identifier)";
				PRODUCT_NAME = "$(TARGET_NAME)";
				PROVISIONING_PROFILE = "";
				TARGETED_DEVICE_FAMILY = "1,2";
			};
			name = Release;
		};
		FAC679261BAE88CC00793D20 /* Debug */ = {
			isa = XCBuildConfiguration;
			buildSettings = {
				BUNDLE_LOADER = "$(TEST_HOST)";
				FRAMEWORK_SEARCH_PATHS = (
					"$(SDKROOT)/Developer/Library/Frameworks",
					"$(inherited)",
				);
				GCC_PREPROCESSOR_DEFINITIONS = (
					"DEBUG=1",
					"$(inherited)",
				);
				INFOPLIST_FILE = AngleGatorsTests/Info.plist;
				LD_RUNPATH_SEARCH_PATHS = "$(inherited) @executable_path/Frameworks @loader_path/Frameworks";
				PRODUCT_BUNDLE_IDENTIFIER = "com.example.$(PRODUCT_NAME:rfc1034identifier)";
				PRODUCT_NAME = "$(TARGET_NAME)";
				TEST_HOST = "$(BUILT_PRODUCTS_DIR)/AngleGators.app/AngleGators";
			};
			name = Debug;
		};
		FAC679271BAE88CC00793D20 /* Release */ = {
			isa = XCBuildConfiguration;
			buildSettings = {
				BUNDLE_LOADER = "$(TEST_HOST)";
				FRAMEWORK_SEARCH_PATHS = (
					"$(SDKROOT)/Developer/Library/Frameworks",
					"$(inherited)",
				);
				INFOPLIST_FILE = AngleGatorsTests/Info.plist;
				LD_RUNPATH_SEARCH_PATHS = "$(inherited) @executable_path/Frameworks @loader_path/Frameworks";
				PRODUCT_BUNDLE_IDENTIFIER = "com.example.$(PRODUCT_NAME:rfc1034identifier)";
				PRODUCT_NAME = "$(TARGET_NAME)";
				TEST_HOST = "$(BUILT_PRODUCTS_DIR)/AngleGators.app/AngleGators";
			};
			name = Release;
		};
/* End XCBuildConfiguration section */

/* Begin XCConfigurationList section */
		FAC678FA1BAE88CC00793D20 /* Build configuration list for PBXProject "AngleGators" */ = {
			isa = XCConfigurationList;
			buildConfigurations = (
				FAC679201BAE88CC00793D20 /* Debug */,
				FAC679211BAE88CC00793D20 /* Release */,
			);
			defaultConfigurationIsVisible = 0;
			defaultConfigurationName = Release;
		};
		FAC679221BAE88CC00793D20 /* Build configuration list for PBXNativeTarget "AngleGators" */ = {
			isa = XCConfigurationList;
			buildConfigurations = (
				FAC679231BAE88CC00793D20 /* Debug */,
				FAC679241BAE88CC00793D20 /* Release */,
			);
			defaultConfigurationIsVisible = 0;
			defaultConfigurationName = Release;
		};
		FAC679251BAE88CC00793D20 /* Build configuration list for PBXNativeTarget "AngleGatorsTests" */ = {
			isa = XCConfigurationList;
			buildConfigurations = (
				FAC679261BAE88CC00793D20 /* Debug */,
				FAC679271BAE88CC00793D20 /* Release */,
			);
			defaultConfigurationIsVisible = 0;
			defaultConfigurationName = Release;
		};
/* End XCConfigurationList section */
	};
	rootObject = FAC678F71BAE88CC00793D20 /* Project object */;
}
